
Microsoft Visual Studio Solution File, Format Version 12.00
# Visual Studio Version 17
VisualStudioVersion = 17.9.34728.123
MinimumVisualStudioVersion = 10.0.40219.1
Project("{FAE04EC0-301F-11D3-BF4B-00C04F79EFBC}") = "Step2Coder_Mutex", "Step2Coder_Mutex\Step2Coder_Mutex.csproj", "{875C2530-925E-4153-BB35-5C872BBB5B1A}"
EndProject
Global
	GlobalSection(SolutionConfigurationPlatforms) = preSolution
		Debug|Any CPU = Debug|Any CPU
		Release|Any CPU = Release|Any CPU
	EndGlobalSection
	GlobalSection(ProjectConfigurationPlatforms) = postSolution
		{875C2530-925E-4153-BB35-5C872BBB5B1A}.Debug|Any CPU.ActiveCfg = Debug|Any CPU
		{875C2530-925E-4153-BB35-5C872BBB5B1A}.Debug|Any CPU.Build.0 = Debug|Any CPU
		{875C2530-925E-4153-BB35-5C872BBB5B1A}.Release|Any CPU.ActiveCfg = Release|Any CPU
		{875C2530-925E-4153-BB35-5C872BBB5B1A}.Release|Any CPU.Build.0 = Release|Any CPU
	EndGlobalSection
	GlobalSection(SolutionProperties) = preSolution
		HideSolutionNode = FALSE
	EndGlobalSection
	GlobalSection(ExtensibilityGlobals) = postSolution
		SolutionGuid = {6D9CF9EF-C255-48FF-A2AB-24D2BE7268B5}
	EndGlobalSection
EndGlobal
